
Microsoft Visual Studio Solution File, Format Version 12.00
# Visual Studio Version 16
VisualStudioVersion = 16.0.30413.136
MinimumVisualStudioVersion = 10.0.40219.1
Project("{FAE04EC0-301F-11D3-BF4B-00C04F79EFBC}") = "Shift_Picker", "Shift_Picker.csproj", "{8784D5BB-1388-44E9-B6C2-2643DF8743A3}"
EndProject
Global
	GlobalSection(SolutionConfigurationPlatforms) = preSolution
		Debug|Any CPU = Debug|Any CPU
		Release|Any CPU = Release|Any CPU
	EndGlobalSection
	GlobalSection(ProjectConfigurationPlatforms) = postSolution
		{8784D5BB-1388-44E9-B6C2-2643DF8743A3}.Debug|Any CPU.ActiveCfg = Debug|Any CPU
		{8784D5BB-1388-44E9-B6C2-2643DF8743A3}.Debug|Any CPU.Build.0 = Debug|Any CPU
		{8784D5BB-1388-44E9-B6C2-2643DF8743A3}.Release|Any CPU.ActiveCfg = Release|Any CPU
		{8784D5BB-1388-44E9-B6C2-2643DF8743A3}.Release|Any CPU.Build.0 = Release|Any CPU
	EndGlobalSection
	GlobalSection(SolutionProperties) = preSolution
		HideSolutionNode = FALSE
	EndGlobalSection
	GlobalSection(ExtensibilityGlobals) = postSolution
		SolutionGuid = {013A07F9-E0E3-4388-B261-296D0BC5A189}
	EndGlobalSection
EndGlobal
